
Microsoft Visual Studio Solution File, Format Version 12.00
# Visual Studio 15
VisualStudioVersion = 15.0.28010.2048
MinimumVisualStudioVersion = 10.0.40219.1
Project("{FAE04EC0-301F-11D3-BF4B-00C04F79EFBC}") = "Randomizer", "Randomizer\Randomizer.csproj", "{45805BB8-7156-433E-930F-721759B524DC}"
EndProject
Global
	GlobalSection(SolutionConfigurationPlatforms) = preSolution
		Debug|Any CPU = Debug|Any CPU
		Release|Any CPU = Release|Any CPU
	EndGlobalSection
	GlobalSection(ProjectConfigurationPlatforms) = postSolution
		{45805BB8-7156-433E-930F-721759B524DC}.Debug|Any CPU.ActiveCfg = Debug|Any CPU
		{45805BB8-7156-433E-930F-721759B524DC}.Debug|Any CPU.Build.0 = Debug|Any CPU
		{45805BB8-7156-433E-930F-721759B524DC}.Release|Any CPU.ActiveCfg = Release|Any CPU
		{45805BB8-7156-433E-930F-721759B524DC}.Release|Any CPU.Build.0 = Release|Any CPU
	EndGlobalSection
	GlobalSection(SolutionProperties) = preSolution
		HideSolutionNode = FALSE
	EndGlobalSection
	GlobalSection(ExtensibilityGlobals) = postSolution
		SolutionGuid = {EDAA5417-31A8-4062-8E47-FED0725E85A8}
	EndGlobalSection
EndGlobal
